// !$*UTF8*$!
{
	archiveVersion = 1;
	classes = {
	};
	objectVersion = 46;
	objects = {

/* Begin PBXBuildFile section */
		990297BEF7CEEEBF636CAF19 /* Pods_Filter.framework in Frameworks */ = {isa = PBXBuildFile; fileRef = 18527CC2BCD0C62F4D9FAF31 /* Pods_Filter.framework */; };
		B001025F1E83B8EE00A86AC2 /* ShortProfileViewController.swift in Sources */ = {isa = PBXBuildFile; fileRef = B001025E1E83B8EE00A86AC2 /* ShortProfileViewController.swift */; };
		B00102611E83B9FD00A86AC2 /* ShortProfileDisplayManager.swift in Sources */ = {isa = PBXBuildFile; fileRef = B00102601E83B9FD00A86AC2 /* ShortProfileDisplayManager.swift */; };
		B00102631E83BC9800A86AC2 /* ShortProfilePresenter.swift in Sources */ = {isa = PBXBuildFile; fileRef = B00102621E83BC9800A86AC2 /* ShortProfilePresenter.swift */; };
		B00102651E83BD1E00A86AC2 /* ShortProfileCellModelsConverter.swift in Sources */ = {isa = PBXBuildFile; fileRef = B00102641E83BD1E00A86AC2 /* ShortProfileCellModelsConverter.swift */; };
		B00102671E83BD9B00A86AC2 /* ShortProfileInteractor.swift in Sources */ = {isa = PBXBuildFile; fileRef = B00102661E83BD9B00A86AC2 /* ShortProfileInteractor.swift */; };
		B00102691E83BDED00A86AC2 /* ShortProfileRouter.swift in Sources */ = {isa = PBXBuildFile; fileRef = B00102681E83BDED00A86AC2 /* ShortProfileRouter.swift */; };
		B001026B1E83BE2D00A86AC2 /* ShortProfileAssembly.swift in Sources */ = {isa = PBXBuildFile; fileRef = B001026A1E83BE2D00A86AC2 /* ShortProfileAssembly.swift */; };
		B00102701E83BF3C00A86AC2 /* UserProfileService.swift in Sources */ = {isa = PBXBuildFile; fileRef = B001026F1E83BF3C00A86AC2 /* UserProfileService.swift */; };
		B00102721E83C39E00A86AC2 /* StatusTableViewCell.swift in Sources */ = {isa = PBXBuildFile; fileRef = B00102711E83C39E00A86AC2 /* StatusTableViewCell.swift */; };
		B00102741E83CB3300A86AC2 /* BasicTableViewCell.swift in Sources */ = {isa = PBXBuildFile; fileRef = B00102731E83CB3300A86AC2 /* BasicTableViewCell.swift */; };
		B00C0CF01E8904240059B695 /* BasicCollectionViewCell.swift in Sources */ = {isa = PBXBuildFile; fileRef = B00C0CEF1E8904240059B695 /* BasicCollectionViewCell.swift */; };
		B00C0CF61E893F740059B695 /* NavigationTableViewCell.swift in Sources */ = {isa = PBXBuildFile; fileRef = B00C0CF51E893F740059B695 /* NavigationTableViewCell.swift */; };
		B00C0CF81E894AE80059B695 /* face.jpg in Resources */ = {isa = PBXBuildFile; fileRef = B00C0CF71E894AE80059B695 /* face.jpg */; };
		B03B4A5A1E8A4AC000D76446 /* TableViewCellWithSeparator.swift in Sources */ = {isa = PBXBuildFile; fileRef = B03B4A591E8A4AC000D76446 /* TableViewCellWithSeparator.swift */; };
		B03B4A5F1E8A9A1E00D76446 /* InterestsCollectionView.swift in Sources */ = {isa = PBXBuildFile; fileRef = B03B4A5E1E8A9A1E00D76446 /* InterestsCollectionView.swift */; };
		B03B4A621E8BDAD900D76446 /* NetworkClient.swift in Sources */ = {isa = PBXBuildFile; fileRef = B03B4A611E8BDAD900D76446 /* NetworkClient.swift */; };
		B03B4A651E8BE0E300D76446 /* ServiceAssembly.swift in Sources */ = {isa = PBXBuildFile; fileRef = B03B4A641E8BE0E300D76446 /* ServiceAssembly.swift */; };
		B03B4A6A1E8BEBA200D76446 /* UserProfileMapper.swift in Sources */ = {isa = PBXBuildFile; fileRef = B03B4A691E8BEBA200D76446 /* UserProfileMapper.swift */; };
		B03B4A6C1E8BF54100D76446 /* RequestFactory.swift in Sources */ = {isa = PBXBuildFile; fileRef = B03B4A6B1E8BF54100D76446 /* RequestFactory.swift */; };
		B03B4A6F1E8BF73800D76446 /* NetworkClientAssembly.swift in Sources */ = {isa = PBXBuildFile; fileRef = B03B4A6E1E8BF73800D76446 /* NetworkClientAssembly.swift */; };
		B03CA7D81E8E379600BDE713 /* MapMarker.swift in Sources */ = {isa = PBXBuildFile; fileRef = B03CA7D71E8E379600BDE713 /* MapMarker.swift */; };
		B03CA7DA1E8E4DD200BDE713 /* MapModelsConverter.swift in Sources */ = {isa = PBXBuildFile; fileRef = B03CA7D91E8E4DD200BDE713 /* MapModelsConverter.swift */; };
		B050AE271E7145BD00F4EB5F /* DesignBook.swift in Sources */ = {isa = PBXBuildFile; fileRef = B050AE261E7145BD00F4EB5F /* DesignBook.swift */; };
		B050AE311E72D5D300F4EB5F /* InterestsCollectionViewCell.swift in Sources */ = {isa = PBXBuildFile; fileRef = B050AE301E72D5D300F4EB5F /* InterestsCollectionViewCell.swift */; };
		B050AE341E76A17A00F4EB5F /* InterestsDataDisplayManager.swift in Sources */ = {isa = PBXBuildFile; fileRef = B050AE331E76A17A00F4EB5F /* InterestsDataDisplayManager.swift */; };
		B050AE3C1E76AFEA00F4EB5F /* NewInterestsViewController.swift in Sources */ = {isa = PBXBuildFile; fileRef = B050AE3B1E76AFEA00F4EB5F /* NewInterestsViewController.swift */; };
		B050AE3E1E76B03800F4EB5F /* NewInterestsPresenter.swift in Sources */ = {isa = PBXBuildFile; fileRef = B050AE3D1E76B03800F4EB5F /* NewInterestsPresenter.swift */; };
		B050AE401E76B07F00F4EB5F /* NewInterestsInteractor.swift in Sources */ = {isa = PBXBuildFile; fileRef = B050AE3F1E76B07F00F4EB5F /* NewInterestsInteractor.swift */; };
		B050AE421E76B09600F4EB5F /* NewInterestsRouter.swift in Sources */ = {isa = PBXBuildFile; fileRef = B050AE411E76B09600F4EB5F /* NewInterestsRouter.swift */; };
		B050AE441E76B0BC00F4EB5F /* NewInterestsAssembly.swift in Sources */ = {isa = PBXBuildFile; fileRef = B050AE431E76B0BC00F4EB5F /* NewInterestsAssembly.swift */; };
		B050AE481E76D59600F4EB5F /* NewInterestsDataDisplayManager.swift in Sources */ = {isa = PBXBuildFile; fileRef = B050AE471E76D59600F4EB5F /* NewInterestsDataDisplayManager.swift */; };
		B050AE4A1E76D91D00F4EB5F /* InterestsService.swift in Sources */ = {isa = PBXBuildFile; fileRef = B050AE491E76D91D00F4EB5F /* InterestsService.swift */; };
		B050AE4C1E76DC0C00F4EB5F /* AddInterestCell.swift in Sources */ = {isa = PBXBuildFile; fileRef = B050AE4B1E76DC0C00F4EB5F /* AddInterestCell.swift */; };
		B050AE4F1E77E75200F4EB5F /* SearchCell.swift in Sources */ = {isa = PBXBuildFile; fileRef = B050AE4E1E77E75200F4EB5F /* SearchCell.swift */; };
		B050AE521E77FD9D00F4EB5F /* TextFieldWithButton.swift in Sources */ = {isa = PBXBuildFile; fileRef = B050AE511E77FD9D00F4EB5F /* TextFieldWithButton.swift */; };
		B058E9701E7BB2F000BF4895 /* MapSearchViewController.swift in Sources */ = {isa = PBXBuildFile; fileRef = B058E96F1E7BB2F000BF4895 /* MapSearchViewController.swift */; };
		B058E9721E7BB5BB00BF4895 /* MapSearchPresenter.swift in Sources */ = {isa = PBXBuildFile; fileRef = B058E9711E7BB5BB00BF4895 /* MapSearchPresenter.swift */; };
		B058E9741E7BB5C300BF4895 /* MapSearchInteractor.swift in Sources */ = {isa = PBXBuildFile; fileRef = B058E9731E7BB5C300BF4895 /* MapSearchInteractor.swift */; };
		B058E9761E7BB5CA00BF4895 /* MapSearchRouter.swift in Sources */ = {isa = PBXBuildFile; fileRef = B058E9751E7BB5CA00BF4895 /* MapSearchRouter.swift */; };
		B058E9781E7BB5D200BF4895 /* MapSearchAssembly.swift in Sources */ = {isa = PBXBuildFile; fileRef = B058E9771E7BB5D200BF4895 /* MapSearchAssembly.swift */; };
		B058E97A1E7BCDD500BF4895 /* mapStyle.json in Resources */ = {isa = PBXBuildFile; fileRef = B058E9791E7BCDD500BF4895 /* mapStyle.json */; };
		B058E97C1E7BD00700BF4895 /* LocationService.swift in Sources */ = {isa = PBXBuildFile; fileRef = B058E97B1E7BD00700BF4895 /* LocationService.swift */; };
		B058E97E1E7FCE2F00BF4895 /* WheelCollectionView.swift in Sources */ = {isa = PBXBuildFile; fileRef = B058E97D1E7FCE2F00BF4895 /* WheelCollectionView.swift */; };
		B058E9831E81280500BF4895 /* WheelCollectionViewCell.swift in Sources */ = {isa = PBXBuildFile; fileRef = B058E9821E81280500BF4895 /* WheelCollectionViewCell.swift */; };
		B058E9851E812A1000BF4895 /* WheelCollectionViewLayout.swift in Sources */ = {isa = PBXBuildFile; fileRef = B058E9841E812A1000BF4895 /* WheelCollectionViewLayout.swift */; };
		B058E98D1E815E2A00BF4895 /* PhotosViewController.swift in Sources */ = {isa = PBXBuildFile; fileRef = B058E98C1E815E2A00BF4895 /* PhotosViewController.swift */; };
		B058E98F1E815EDE00BF4895 /* PhotosPresenter.swift in Sources */ = {isa = PBXBuildFile; fileRef = B058E98E1E815EDE00BF4895 /* PhotosPresenter.swift */; };
		B058E9911E815F6B00BF4895 /* PhotosCellModelsConverter.swift in Sources */ = {isa = PBXBuildFile; fileRef = B058E9901E815F6B00BF4895 /* PhotosCellModelsConverter.swift */; };
		B058E9931E81605900BF4895 /* PhotosInteractor.swift in Sources */ = {isa = PBXBuildFile; fileRef = B058E9921E81605900BF4895 /* PhotosInteractor.swift */; };
		B058E9951E8160C600BF4895 /* PhotosService.swift in Sources */ = {isa = PBXBuildFile; fileRef = B058E9941E8160C600BF4895 /* PhotosService.swift */; };
		B058E9971E81611B00BF4895 /* PhotosRouter.swift in Sources */ = {isa = PBXBuildFile; fileRef = B058E9961E81611B00BF4895 /* PhotosRouter.swift */; };
		B058E9991E81613E00BF4895 /* PhotosAssembly.swift in Sources */ = {isa = PBXBuildFile; fileRef = B058E9981E81613E00BF4895 /* PhotosAssembly.swift */; };
		B058E99F1E816AA400BF4895 /* 1.jpg in Resources */ = {isa = PBXBuildFile; fileRef = B058E99A1E816AA400BF4895 /* 1.jpg */; };
		B058E9A01E816AA400BF4895 /* 2.jpg in Resources */ = {isa = PBXBuildFile; fileRef = B058E99B1E816AA400BF4895 /* 2.jpg */; };
		B058E9A11E816AA400BF4895 /* 3.jpg in Resources */ = {isa = PBXBuildFile; fileRef = B058E99C1E816AA400BF4895 /* 3.jpg */; };
		B058E9A21E816AA400BF4895 /* 4.jpg in Resources */ = {isa = PBXBuildFile; fileRef = B058E99D1E816AA400BF4895 /* 4.jpg */; };
		B058E9A51E816AC400BF4895 /* 5.jpg in Resources */ = {isa = PBXBuildFile; fileRef = B058E9A41E816AC400BF4895 /* 5.jpg */; };
		B058E9A71E825EF700BF4895 /* PhotosCollectionViewCell.swift in Sources */ = {isa = PBXBuildFile; fileRef = B058E9A61E825EF700BF4895 /* PhotosCollectionViewCell.swift */; };
		B058E9A91E82605000BF4895 /* PhotosDataDisplayManager.swift in Sources */ = {isa = PBXBuildFile; fileRef = B058E9A81E82605000BF4895 /* PhotosDataDisplayManager.swift */; };
		B093A6F31E780D890059DECA /* NewInterestsCellModelsConverter.swift in Sources */ = {isa = PBXBuildFile; fileRef = B093A6F21E780D890059DECA /* NewInterestsCellModelsConverter.swift */; };
		B093A6F51E79415F0059DECA /* ViewController.swift in Sources */ = {isa = PBXBuildFile; fileRef = B093A6F41E79415F0059DECA /* ViewController.swift */; };
		B093A6F81E79727E0059DECA /* UITableView.swift in Sources */ = {isa = PBXBuildFile; fileRef = B093A6F71E79727E0059DECA /* UITableView.swift */; };
		B093A6FB1E7A75FB0059DECA /* TextFieldWithFixedRightView.swift in Sources */ = {isa = PBXBuildFile; fileRef = B093A6FA1E7A75FB0059DECA /* TextFieldWithFixedRightView.swift */; };
		B0A05EF71E6D37B100B5D1AD /* AppDelegate.swift in Sources */ = {isa = PBXBuildFile; fileRef = B0A05EF61E6D37B100B5D1AD /* AppDelegate.swift */; };
		B0A05EF91E6D37B100B5D1AD /* FilterViewController.swift in Sources */ = {isa = PBXBuildFile; fileRef = B0A05EF81E6D37B100B5D1AD /* FilterViewController.swift */; };
		B0A05EFE1E6D37B100B5D1AD /* Assets.xcassets in Resources */ = {isa = PBXBuildFile; fileRef = B0A05EFD1E6D37B100B5D1AD /* Assets.xcassets */; };
		B0A05F0E1E6D408400B5D1AD /* FilterDataDisplayManager.swift in Sources */ = {isa = PBXBuildFile; fileRef = B0A05F0D1E6D408400B5D1AD /* FilterDataDisplayManager.swift */; };
		B0A05F101E6D4D8B00B5D1AD /* Default-568h@2x.png in Resources */ = {isa = PBXBuildFile; fileRef = B0A05F0F1E6D4D8B00B5D1AD /* Default-568h@2x.png */; };
		B0A05F121E6D4DD300B5D1AD /* FilterPresenter.swift in Sources */ = {isa = PBXBuildFile; fileRef = B0A05F111E6D4DD300B5D1AD /* FilterPresenter.swift */; };
		B0A05F141E6D4EAF00B5D1AD /* FilterAssembly.swift in Sources */ = {isa = PBXBuildFile; fileRef = B0A05F131E6D4EAF00B5D1AD /* FilterAssembly.swift */; };
		B0A05F161E6D5CD700B5D1AD /* SexCell.swift in Sources */ = {isa = PBXBuildFile; fileRef = B0A05F151E6D5CD700B5D1AD /* SexCell.swift */; };
		B0A05F191E6D8D7800B5D1AD /* AgeCell.swift in Sources */ = {isa = PBXBuildFile; fileRef = B0A05F181E6D8D7800B5D1AD /* AgeCell.swift */; };
		B0A05F1B1E6D8DC400B5D1AD /* InterestsCell.swift in Sources */ = {isa = PBXBuildFile; fileRef = B0A05F1A1E6D8DC400B5D1AD /* InterestsCell.swift */; };
		B0A05F1D1E6D8F9800B5D1AD /* FilterInteractor.swift in Sources */ = {isa = PBXBuildFile; fileRef = B0A05F1C1E6D8F9800B5D1AD /* FilterInteractor.swift */; };
		B0A05F201E6D90EE00B5D1AD /* SearchSettingsService.swift in Sources */ = {isa = PBXBuildFile; fileRef = B0A05F1F1E6D90EE00B5D1AD /* SearchSettingsService.swift */; };
		B0B45A321E840320008720F4 /* CareerTableViewCell.swift in Sources */ = {isa = PBXBuildFile; fileRef = B0B45A311E840320008720F4 /* CareerTableViewCell.swift */; };
		B0B45A341E8405B6008720F4 /* SocialNetworkTableViewCell.swift in Sources */ = {isa = PBXBuildFile; fileRef = B0B45A331E8405B6008720F4 /* SocialNetworkTableViewCell.swift */; };
		B0B691FD1E82B79E0020663F /* PhotosCollectionViewFlowLayout.swift in Sources */ = {isa = PBXBuildFile; fileRef = B0B691FC1E82B79E0020663F /* PhotosCollectionViewFlowLayout.swift */; };
		B0FAB8231E6EC23900E5F06A /* FilterRouter.swift in Sources */ = {isa = PBXBuildFile; fileRef = B0FAB8221E6EC23900E5F06A /* FilterRouter.swift */; };
		B0FAB8271E6EC52A00E5F06A /* FilterCellModelsConverter.swift in Sources */ = {isa = PBXBuildFile; fileRef = B0FAB8261E6EC52A00E5F06A /* FilterCellModelsConverter.swift */; };
		B0FAB8351E6EDDD800E5F06A /* AgeViewController.swift in Sources */ = {isa = PBXBuildFile; fileRef = B0FAB8341E6EDDD800E5F06A /* AgeViewController.swift */; };
		B0FAB8371E6EDE3F00E5F06A /* AgePresenter.swift in Sources */ = {isa = PBXBuildFile; fileRef = B0FAB8361E6EDE3F00E5F06A /* AgePresenter.swift */; };
		B0FAB8391E6EDE4900E5F06A /* AgeInteractor.swift in Sources */ = {isa = PBXBuildFile; fileRef = B0FAB8381E6EDE4900E5F06A /* AgeInteractor.swift */; };
		B0FAB83B1E6EDE5100E5F06A /* AgeRouter.swift in Sources */ = {isa = PBXBuildFile; fileRef = B0FAB83A1E6EDE5100E5F06A /* AgeRouter.swift */; };
		B0FAB83D1E6EDE5A00E5F06A /* AgeAssembly.swift in Sources */ = {isa = PBXBuildFile; fileRef = B0FAB83C1E6EDE5A00E5F06A /* AgeAssembly.swift */; };
/* End PBXBuildFile section */

/* Begin PBXFileReference section */
		18527CC2BCD0C62F4D9FAF31 /* Pods_Filter.framework */ = {isa = PBXFileReference; explicitFileType = wrapper.framework; includeInIndex = 0; path = Pods_Filter.framework; sourceTree = BUILT_PRODUCTS_DIR; };
		6F82B21AD9CD7E0579705921 /* Pods-Filter.debug.xcconfig */ = {isa = PBXFileReference; includeInIndex = 1; lastKnownFileType = text.xcconfig; name = "Pods-Filter.debug.xcconfig"; path = "Pods/Target Support Files/Pods-Filter/Pods-Filter.debug.xcconfig"; sourceTree = "<group>"; };
		AC52DC3CEE0B7856610547AE /* Pods-Filter.release.xcconfig */ = {isa = PBXFileReference; includeInIndex = 1; lastKnownFileType = text.xcconfig; name = "Pods-Filter.release.xcconfig"; path = "Pods/Target Support Files/Pods-Filter/Pods-Filter.release.xcconfig"; sourceTree = "<group>"; };
		B001025E1E83B8EE00A86AC2 /* ShortProfileViewController.swift */ = {isa = PBXFileReference; fileEncoding = 4; lastKnownFileType = sourcecode.swift; name = ShortProfileViewController.swift; path = Modules/ShortProfile/View/ShortProfileViewController.swift; sourceTree = "<group>"; };
		B00102601E83B9FD00A86AC2 /* ShortProfileDisplayManager.swift */ = {isa = PBXFileReference; fileEncoding = 4; lastKnownFileType = sourcecode.swift; name = ShortProfileDisplayManager.swift; path = Modules/ShortProfile/View/ShortProfileDisplayManager.swift; sourceTree = "<group>"; };
		B00102621E83BC9800A86AC2 /* ShortProfilePresenter.swift */ = {isa = PBXFileReference; fileEncoding = 4; lastKnownFileType = sourcecode.swift; name = ShortProfilePresenter.swift; path = Modules/ShortProfile/Presenter/ShortProfilePresenter.swift; sourceTree = "<group>"; };
		B00102641E83BD1E00A86AC2 /* ShortProfileCellModelsConverter.swift */ = {isa = PBXFileReference; fileEncoding = 4; lastKnownFileType = sourcecode.swift; name = ShortProfileCellModelsConverter.swift; path = Modules/ShortProfile/Presenter/ShortProfileCellModelsConverter.swift; sourceTree = "<group>"; };
		B00102661E83BD9B00A86AC2 /* ShortProfileInteractor.swift */ = {isa = PBXFileReference; fileEncoding = 4; lastKnownFileType = sourcecode.swift; name = ShortProfileInteractor.swift; path = Modules/ShortProfile/Interactor/ShortProfileInteractor.swift; sourceTree = "<group>"; };
		B00102681E83BDED00A86AC2 /* ShortProfileRouter.swift */ = {isa = PBXFileReference; fileEncoding = 4; lastKnownFileType = sourcecode.swift; name = ShortProfileRouter.swift; path = Modules/ShortProfile/Router/ShortProfileRouter.swift; sourceTree = "<group>"; };
		B001026A1E83BE2D00A86AC2 /* ShortProfileAssembly.swift */ = {isa = PBXFileReference; fileEncoding = 4; lastKnownFileType = sourcecode.swift; name = ShortProfileAssembly.swift; path = Modules/ShortProfile/Assembly/ShortProfileAssembly.swift; sourceTree = "<group>"; };
		B001026F1E83BF3C00A86AC2 /* UserProfileService.swift */ = {isa = PBXFileReference; fileEncoding = 4; lastKnownFileType = sourcecode.swift; name = UserProfileService.swift; path = Services/UserProfileService.swift; sourceTree = "<group>"; };
		B00102711E83C39E00A86AC2 /* StatusTableViewCell.swift */ = {isa = PBXFileReference; fileEncoding = 4; lastKnownFileType = sourcecode.swift; name = StatusTableViewCell.swift; path = Modules/ShortProfile/View/Cells/StatusTableViewCell.swift; sourceTree = "<group>"; };
		B00102731E83CB3300A86AC2 /* BasicTableViewCell.swift */ = {isa = PBXFileReference; fileEncoding = 4; lastKnownFileType = sourcecode.swift; name = BasicTableViewCell.swift; path = Protocols/BasicTableViewCell.swift; sourceTree = "<group>"; };
		B00C0CEF1E8904240059B695 /* BasicCollectionViewCell.swift */ = {isa = PBXFileReference; fileEncoding = 4; lastKnownFileType = sourcecode.swift; name = BasicCollectionViewCell.swift; path = Protocols/BasicCollectionViewCell.swift; sourceTree = "<group>"; };
		B00C0CF51E893F740059B695 /* NavigationTableViewCell.swift */ = {isa = PBXFileReference; fileEncoding = 4; lastKnownFileType = sourcecode.swift; name = NavigationTableViewCell.swift; path = Modules/ShortProfile/View/Cells/NavigationTableViewCell.swift; sourceTree = "<group>"; };
		B00C0CF71E894AE80059B695 /* face.jpg */ = {isa = PBXFileReference; lastKnownFileType = image.jpeg; name = face.jpg; path = Filter/face.jpg; sourceTree = "<group>"; };
		B03B4A591E8A4AC000D76446 /* TableViewCellWithSeparator.swift */ = {isa = PBXFileReference; fileEncoding = 4; lastKnownFileType = sourcecode.swift; name = TableViewCellWithSeparator.swift; path = UI/TableViewCellWithSeparator.swift; sourceTree = "<group>"; };
		B03B4A5E1E8A9A1E00D76446 /* InterestsCollectionView.swift */ = {isa = PBXFileReference; fileEncoding = 4; lastKnownFileType = sourcecode.swift; name = InterestsCollectionView.swift; path = Modules/Filter/View/Cells/InterestsCell/InterestsCollectionView.swift; sourceTree = "<group>"; };
		B03B4A611E8BDAD900D76446 /* NetworkClient.swift */ = {isa = PBXFileReference; fileEncoding = 4; lastKnownFileType = sourcecode.swift; name = NetworkClient.swift; path = CoreComponents/NetworkClient/NetworkClient.swift; sourceTree = "<group>"; };
		B03B4A641E8BE0E300D76446 /* ServiceAssembly.swift */ = {isa = PBXFileReference; fileEncoding = 4; lastKnownFileType = sourcecode.swift; name = ServiceAssembly.swift; path = Services/Assembly/ServiceAssembly.swift; sourceTree = "<group>"; };
		B03B4A691E8BEBA200D76446 /* UserProfileMapper.swift */ = {isa = PBXFileReference; fileEncoding = 4; lastKnownFileType = sourcecode.swift; name = UserProfileMapper.swift; path = CoreComponents/Mapper/UserProfileMapper.swift; sourceTree = "<group>"; };
		B03B4A6B1E8BF54100D76446 /* RequestFactory.swift */ = {isa = PBXFileReference; fileEncoding = 4; lastKnownFileType = sourcecode.swift; name = RequestFactory.swift; path = CoreComponents/NetworkClient/RequestFactory.swift; sourceTree = "<group>"; };
		B03B4A6E1E8BF73800D76446 /* NetworkClientAssembly.swift */ = {isa = PBXFileReference; fileEncoding = 4; lastKnownFileType = sourcecode.swift; name = NetworkClientAssembly.swift; path = CoreComponents/NetworkClient/Assembly/NetworkClientAssembly.swift; sourceTree = "<group>"; };
		B03CA7D71E8E379600BDE713 /* MapMarker.swift */ = {isa = PBXFileReference; fileEncoding = 4; lastKnownFileType = sourcecode.swift; name = MapMarker.swift; path = Modules/MapSearch/View/MapMarker.swift; sourceTree = "<group>"; };
		B03CA7D91E8E4DD200BDE713 /* MapModelsConverter.swift */ = {isa = PBXFileReference; fileEncoding = 4; lastKnownFileType = sourcecode.swift; name = MapModelsConverter.swift; path = Modules/MapSearch/Presenter/MapModelsConverter.swift; sourceTree = "<group>"; };
		B050AE261E7145BD00F4EB5F /* DesignBook.swift */ = {isa = PBXFileReference; fileEncoding = 4; lastKnownFileType = sourcecode.swift; name = DesignBook.swift; path = DesignBook/DesignBook.swift; sourceTree = "<group>"; };
		B050AE301E72D5D300F4EB5F /* InterestsCollectionViewCell.swift */ = {isa = PBXFileReference; fileEncoding = 4; lastKnownFileType = sourcecode.swift; name = InterestsCollectionViewCell.swift; path = Modules/Filter/View/Cells/InterestsCell/InterestsCollectionViewCell.swift; sourceTree = "<group>"; };
		B050AE331E76A17A00F4EB5F /* InterestsDataDisplayManager.swift */ = {isa = PBXFileReference; fileEncoding = 4; lastKnownFileType = sourcecode.swift; name = InterestsDataDisplayManager.swift; path = Modules/Filter/View/Cells/InterestsCell/InterestsDataDisplayManager.swift; sourceTree = "<group>"; };
		B050AE3B1E76AFEA00F4EB5F /* NewInterestsViewController.swift */ = {isa = PBXFileReference; fileEncoding = 4; lastKnownFileType = sourcecode.swift; name = NewInterestsViewController.swift; path = Modules/NewInterests/View/NewInterestsViewController.swift; sourceTree = "<group>"; };
		B050AE3D1E76B03800F4EB5F /* NewInterestsPresenter.swift */ = {isa = PBXFileReference; fileEncoding = 4; lastKnownFileType = sourcecode.swift; name = NewInterestsPresenter.swift; path = Modules/NewInterests/Presenter/NewInterestsPresenter.swift; sourceTree = "<group>"; };
		B050AE3F1E76B07F00F4EB5F /* NewInterestsInteractor.swift */ = {isa = PBXFileReference; fileEncoding = 4; lastKnownFileType = sourcecode.swift; name = NewInterestsInteractor.swift; path = Modules/NewInterests/Interactor/NewInterestsInteractor.swift; sourceTree = "<group>"; };
		B050AE411E76B09600F4EB5F /* NewInterestsRouter.swift */ = {isa = PBXFileReference; fileEncoding = 4; lastKnownFileType = sourcecode.swift; name = NewInterestsRouter.swift; path = Modules/NewInterests/Router/NewInterestsRouter.swift; sourceTree = "<group>"; };
		B050AE431E76B0BC00F4EB5F /* NewInterestsAssembly.swift */ = {isa = PBXFileReference; fileEncoding = 4; lastKnownFileType = sourcecode.swift; name = NewInterestsAssembly.swift; path = Modules/NewInterests/Assembly/NewInterestsAssembly.swift; sourceTree = "<group>"; };
		B050AE471E76D59600F4EB5F /* NewInterestsDataDisplayManager.swift */ = {isa = PBXFileReference; fileEncoding = 4; lastKnownFileType = sourcecode.swift; name = NewInterestsDataDisplayManager.swift; path = Modules/NewInterests/View/NewInterestsDataDisplayManager.swift; sourceTree = "<group>"; };
		B050AE491E76D91D00F4EB5F /* InterestsService.swift */ = {isa = PBXFileReference; fileEncoding = 4; lastKnownFileType = sourcecode.swift; name = InterestsService.swift; path = Services/InterestsService.swift; sourceTree = "<group>"; };
		B050AE4B1E76DC0C00F4EB5F /* AddInterestCell.swift */ = {isa = PBXFileReference; fileEncoding = 4; lastKnownFileType = sourcecode.swift; name = AddInterestCell.swift; path = Modules/NewInterests/View/AddInterestCell.swift; sourceTree = "<group>"; };
		B050AE4E1E77E75200F4EB5F /* SearchCell.swift */ = {isa = PBXFileReference; fileEncoding = 4; lastKnownFileType = sourcecode.swift; name = SearchCell.swift; path = Modules/Filter/View/Cells/SearchCell.swift; sourceTree = "<group>"; };
		B050AE511E77FD9D00F4EB5F /* TextFieldWithButton.swift */ = {isa = PBXFileReference; fileEncoding = 4; lastKnownFileType = sourcecode.swift; name = TextFieldWithButton.swift; path = UI/TextFieldWithButton.swift; sourceTree = "<group>"; };
		B058E96F1E7BB2F000BF4895 /* MapSearchViewController.swift */ = {isa = PBXFileReference; fileEncoding = 4; lastKnownFileType = sourcecode.swift; name = MapSearchViewController.swift; path = Modules/MapSearch/View/MapSearchViewController.swift; sourceTree = "<group>"; };
		B058E9711E7BB5BB00BF4895 /* MapSearchPresenter.swift */ = {isa = PBXFileReference; fileEncoding = 4; lastKnownFileType = sourcecode.swift; name = MapSearchPresenter.swift; path = Modules/MapSearch/Presenter/MapSearchPresenter.swift; sourceTree = "<group>"; };
		B058E9731E7BB5C300BF4895 /* MapSearchInteractor.swift */ = {isa = PBXFileReference; fileEncoding = 4; lastKnownFileType = sourcecode.swift; name = MapSearchInteractor.swift; path = Modules/MapSearch/Interactor/MapSearchInteractor.swift; sourceTree = "<group>"; };
		B058E9751E7BB5CA00BF4895 /* MapSearchRouter.swift */ = {isa = PBXFileReference; fileEncoding = 4; lastKnownFileType = sourcecode.swift; name = MapSearchRouter.swift; path = Modules/MapSearch/Router/MapSearchRouter.swift; sourceTree = "<group>"; };
		B058E9771E7BB5D200BF4895 /* MapSearchAssembly.swift */ = {isa = PBXFileReference; fileEncoding = 4; lastKnownFileType = sourcecode.swift; name = MapSearchAssembly.swift; path = Modules/MapSearch/Assembly/MapSearchAssembly.swift; sourceTree = "<group>"; };
		B058E9791E7BCDD500BF4895 /* mapStyle.json */ = {isa = PBXFileReference; fileEncoding = 4; lastKnownFileType = text.json; path = mapStyle.json; sourceTree = "<group>"; };
		B058E97B1E7BD00700BF4895 /* LocationService.swift */ = {isa = PBXFileReference; fileEncoding = 4; lastKnownFileType = sourcecode.swift; name = LocationService.swift; path = Services/LocationService.swift; sourceTree = "<group>"; };
		B058E97D1E7FCE2F00BF4895 /* WheelCollectionView.swift */ = {isa = PBXFileReference; fileEncoding = 4; lastKnownFileType = sourcecode.swift; name = WheelCollectionView.swift; path = Modules/Age/View/Wheel/WheelCollectionView.swift; sourceTree = "<group>"; };
		B058E9821E81280500BF4895 /* WheelCollectionViewCell.swift */ = {isa = PBXFileReference; fileEncoding = 4; lastKnownFileType = sourcecode.swift; name = WheelCollectionViewCell.swift; path = Modules/Age/View/Wheel/WheelCollectionViewCell.swift; sourceTree = "<group>"; };
		B058E9841E812A1000BF4895 /* WheelCollectionViewLayout.swift */ = {isa = PBXFileReference; fileEncoding = 4; lastKnownFileType = sourcecode.swift; name = WheelCollectionViewLayout.swift; path = Modules/Age/View/Wheel/WheelCollectionViewLayout.swift; sourceTree = "<group>"; };
		B058E98C1E815E2A00BF4895 /* PhotosViewController.swift */ = {isa = PBXFileReference; fileEncoding = 4; lastKnownFileType = sourcecode.swift; name = PhotosViewController.swift; path = Modules/Photos/View/PhotosViewController.swift; sourceTree = "<group>"; };
		B058E98E1E815EDE00BF4895 /* PhotosPresenter.swift */ = {isa = PBXFileReference; fileEncoding = 4; lastKnownFileType = sourcecode.swift; name = PhotosPresenter.swift; path = Modules/Photos/Presenter/PhotosPresenter.swift; sourceTree = "<group>"; };
		B058E9901E815F6B00BF4895 /* PhotosCellModelsConverter.swift */ = {isa = PBXFileReference; fileEncoding = 4; lastKnownFileType = sourcecode.swift; name = PhotosCellModelsConverter.swift; path = Modules/Photos/Presenter/PhotosCellModelsConverter.swift; sourceTree = "<group>"; };
		B058E9921E81605900BF4895 /* PhotosInteractor.swift */ = {isa = PBXFileReference; fileEncoding = 4; lastKnownFileType = sourcecode.swift; name = PhotosInteractor.swift; path = Modules/Photos/Interactor/PhotosInteractor.swift; sourceTree = "<group>"; };
		B058E9941E8160C600BF4895 /* PhotosService.swift */ = {isa = PBXFileReference; fileEncoding = 4; lastKnownFileType = sourcecode.swift; name = PhotosService.swift; path = Services/PhotosService.swift; sourceTree = "<group>"; };
		B058E9961E81611B00BF4895 /* PhotosRouter.swift */ = {isa = PBXFileReference; fileEncoding = 4; lastKnownFileType = sourcecode.swift; name = PhotosRouter.swift; path = Modules/Photos/Router/PhotosRouter.swift; sourceTree = "<group>"; };
		B058E9981E81613E00BF4895 /* PhotosAssembly.swift */ = {isa = PBXFileReference; fileEncoding = 4; lastKnownFileType = sourcecode.swift; name = PhotosAssembly.swift; path = Modules/Photos/Assembly/PhotosAssembly.swift; sourceTree = "<group>"; };
		B058E99A1E816AA400BF4895 /* 1.jpg */ = {isa = PBXFileReference; lastKnownFileType = image.jpeg; name = 1.jpg; path = Filter/1.jpg; sourceTree = "<group>"; };
		B058E99B1E816AA400BF4895 /* 2.jpg */ = {isa = PBXFileReference; lastKnownFileType = image.jpeg; name = 2.jpg; path = Filter/2.jpg; sourceTree = "<group>"; };
		B058E99C1E816AA400BF4895 /* 3.jpg */ = {isa = PBXFileReference; lastKnownFileType = image.jpeg; name = 3.jpg; path = Filter/3.jpg; sourceTree = "<group>"; };
		B058E99D1E816AA400BF4895 /* 4.jpg */ = {isa = PBXFileReference; lastKnownFileType = image.jpeg; name = 4.jpg; path = Filter/4.jpg; sourceTree = "<group>"; };
		B058E9A41E816AC400BF4895 /* 5.jpg */ = {isa = PBXFileReference; lastKnownFileType = image.jpeg; name = 5.jpg; path = Filter/5.jpg; sourceTree = "<group>"; };
		B058E9A61E825EF700BF4895 /* PhotosCollectionViewCell.swift */ = {isa = PBXFileReference; fileEncoding = 4; lastKnownFileType = sourcecode.swift; name = PhotosCollectionViewCell.swift; path = Modules/Photos/View/PhotosCollectionViewCell.swift; sourceTree = "<group>"; };
		B058E9A81E82605000BF4895 /* PhotosDataDisplayManager.swift */ = {isa = PBXFileReference; fileEncoding = 4; lastKnownFileType = sourcecode.swift; name = PhotosDataDisplayManager.swift; path = Modules/Photos/View/PhotosDataDisplayManager.swift; sourceTree = "<group>"; };
		B093A6F21E780D890059DECA /* NewInterestsCellModelsConverter.swift */ = {isa = PBXFileReference; fileEncoding = 4; lastKnownFileType = sourcecode.swift; name = NewInterestsCellModelsConverter.swift; path = Modules/NewInterests/Presenter/NewInterestsCellModelsConverter.swift; sourceTree = "<group>"; };
		B093A6F41E79415F0059DECA /* ViewController.swift */ = {isa = PBXFileReference; fileEncoding = 4; lastKnownFileType = sourcecode.swift; name = ViewController.swift; path = UI/ViewController.swift; sourceTree = "<group>"; };
		B093A6F71E79727E0059DECA /* UITableView.swift */ = {isa = PBXFileReference; fileEncoding = 4; lastKnownFileType = sourcecode.swift; name = UITableView.swift; path = Extensions/UITableView.swift; sourceTree = "<group>"; };
		B093A6FA1E7A75FB0059DECA /* TextFieldWithFixedRightView.swift */ = {isa = PBXFileReference; fileEncoding = 4; lastKnownFileType = sourcecode.swift; name = TextFieldWithFixedRightView.swift; path = UI/TextFieldWithFixedRightView.swift; sourceTree = "<group>"; };
		B0A05EF31E6D37B100B5D1AD /* Filter.app */ = {isa = PBXFileReference; explicitFileType = wrapper.application; includeInIndex = 0; path = Filter.app; sourceTree = BUILT_PRODUCTS_DIR; };
		B0A05EF61E6D37B100B5D1AD /* AppDelegate.swift */ = {isa = PBXFileReference; lastKnownFileType = sourcecode.swift; path = AppDelegate.swift; sourceTree = "<group>"; };
		B0A05EF81E6D37B100B5D1AD /* FilterViewController.swift */ = {isa = PBXFileReference; lastKnownFileType = sourcecode.swift; name = FilterViewController.swift; path = Modules/Filter/View/FilterViewController.swift; sourceTree = "<group>"; };
		B0A05EFD1E6D37B100B5D1AD /* Assets.xcassets */ = {isa = PBXFileReference; lastKnownFileType = folder.assetcatalog; path = Assets.xcassets; sourceTree = "<group>"; };
		B0A05F021E6D37B100B5D1AD /* Info.plist */ = {isa = PBXFileReference; lastKnownFileType = text.plist.xml; path = Info.plist; sourceTree = "<group>"; };
		B0A05F0D1E6D408400B5D1AD /* FilterDataDisplayManager.swift */ = {isa = PBXFileReference; fileEncoding = 4; lastKnownFileType = sourcecode.swift; name = FilterDataDisplayManager.swift; path = Modules/Filter/View/FilterDataDisplayManager.swift; sourceTree = "<group>"; };
		B0A05F0F1E6D4D8B00B5D1AD /* Default-568h@2x.png */ = {isa = PBXFileReference; lastKnownFileType = image.png; path = "Default-568h@2x.png"; sourceTree = "<group>"; };
		B0A05F111E6D4DD300B5D1AD /* FilterPresenter.swift */ = {isa = PBXFileReference; fileEncoding = 4; lastKnownFileType = sourcecode.swift; name = FilterPresenter.swift; path = Modules/Filter/Presenter/FilterPresenter.swift; sourceTree = "<group>"; };
		B0A05F131E6D4EAF00B5D1AD /* FilterAssembly.swift */ = {isa = PBXFileReference; fileEncoding = 4; lastKnownFileType = sourcecode.swift; name = FilterAssembly.swift; path = Modules/Filter/Assembly/FilterAssembly.swift; sourceTree = "<group>"; };
		B0A05F151E6D5CD700B5D1AD /* SexCell.swift */ = {isa = PBXFileReference; fileEncoding = 4; lastKnownFileType = sourcecode.swift; name = SexCell.swift; path = Modules/Filter/View/Cells/SexCell.swift; sourceTree = "<group>"; };
		B0A05F181E6D8D7800B5D1AD /* AgeCell.swift */ = {isa = PBXFileReference; fileEncoding = 4; lastKnownFileType = sourcecode.swift; name = AgeCell.swift; path = Modules/Filter/View/Cells/AgeCell.swift; sourceTree = "<group>"; };
		B0A05F1A1E6D8DC400B5D1AD /* InterestsCell.swift */ = {isa = PBXFileReference; fileEncoding = 4; lastKnownFileType = sourcecode.swift; name = InterestsCell.swift; path = Modules/Filter/View/Cells/InterestsCell/InterestsCell.swift; sourceTree = "<group>"; };
		B0A05F1C1E6D8F9800B5D1AD /* FilterInteractor.swift */ = {isa = PBXFileReference; fileEncoding = 4; lastKnownFileType = sourcecode.swift; name = FilterInteractor.swift; path = Modules/Filter/Interactor/FilterInteractor.swift; sourceTree = "<group>"; };
		B0A05F1F1E6D90EE00B5D1AD /* SearchSettingsService.swift */ = {isa = PBXFileReference; fileEncoding = 4; lastKnownFileType = sourcecode.swift; name = SearchSettingsService.swift; path = Services/SearchSettingsService.swift; sourceTree = "<group>"; };
		B0B45A311E840320008720F4 /* CareerTableViewCell.swift */ = {isa = PBXFileReference; fileEncoding = 4; lastKnownFileType = sourcecode.swift; name = CareerTableViewCell.swift; path = Modules/ShortProfile/View/Cells/CareerTableViewCell.swift; sourceTree = "<group>"; };
		B0B45A331E8405B6008720F4 /* SocialNetworkTableViewCell.swift */ = {isa = PBXFileReference; fileEncoding = 4; lastKnownFileType = sourcecode.swift; name = SocialNetworkTableViewCell.swift; path = Modules/ShortProfile/View/Cells/SocialNetworkTableViewCell.swift; sourceTree = "<group>"; };
		B0B691FC1E82B79E0020663F /* PhotosCollectionViewFlowLayout.swift */ = {isa = PBXFileReference; fileEncoding = 4; lastKnownFileType = sourcecode.swift; name = PhotosCollectionViewFlowLayout.swift; path = Modules/Photos/View/PhotosCollectionViewFlowLayout.swift; sourceTree = "<group>"; };
		B0FAB8221E6EC23900E5F06A /* FilterRouter.swift */ = {isa = PBXFileReference; fileEncoding = 4; lastKnownFileType = sourcecode.swift; name = FilterRouter.swift; path = Modules/Filter/Router/FilterRouter.swift; sourceTree = "<group>"; };
		B0FAB8261E6EC52A00E5F06A /* FilterCellModelsConverter.swift */ = {isa = PBXFileReference; fileEncoding = 4; lastKnownFileType = sourcecode.swift; name = FilterCellModelsConverter.swift; path = Modules/Filter/Presenter/FilterCellModelsConverter.swift; sourceTree = "<group>"; };
		B0FAB8341E6EDDD800E5F06A /* AgeViewController.swift */ = {isa = PBXFileReference; fileEncoding = 4; lastKnownFileType = sourcecode.swift; name = AgeViewController.swift; path = Modules/Age/View/AgeViewController.swift; sourceTree = "<group>"; };
		B0FAB8361E6EDE3F00E5F06A /* AgePresenter.swift */ = {isa = PBXFileReference; fileEncoding = 4; lastKnownFileType = sourcecode.swift; name = AgePresenter.swift; path = Modules/Age/Presenter/AgePresenter.swift; sourceTree = "<group>"; };
		B0FAB8381E6EDE4900E5F06A /* AgeInteractor.swift */ = {isa = PBXFileReference; fileEncoding = 4; lastKnownFileType = sourcecode.swift; name = AgeInteractor.swift; path = Modules/Age/Interactor/AgeInteractor.swift; sourceTree = "<group>"; };
		B0FAB83A1E6EDE5100E5F06A /* AgeRouter.swift */ = {isa = PBXFileReference; fileEncoding = 4; lastKnownFileType = sourcecode.swift; name = AgeRouter.swift; path = Modules/Age/Router/AgeRouter.swift; sourceTree = "<group>"; };
		B0FAB83C1E6EDE5A00E5F06A /* AgeAssembly.swift */ = {isa = PBXFileReference; fileEncoding = 4; lastKnownFileType = sourcecode.swift; name = AgeAssembly.swift; path = Modules/Age/Assembly/AgeAssembly.swift; sourceTree = "<group>"; };
/* End PBXFileReference section */

/* Begin PBXFrameworksBuildPhase section */
		B0A05EF01E6D37B100B5D1AD /* Frameworks */ = {
			isa = PBXFrameworksBuildPhase;
			buildActionMask = 2147483647;
			files = (
				990297BEF7CEEEBF636CAF19 /* Pods_Filter.framework in Frameworks */,
			);
			runOnlyForDeploymentPostprocessing = 0;
		};
/* End PBXFrameworksBuildPhase section */

/* Begin PBXGroup section */
		371B4DD8421CA39AE52AC4D3 /* Pods */ = {
			isa = PBXGroup;
			children = (
				6F82B21AD9CD7E0579705921 /* Pods-Filter.debug.xcconfig */,
				AC52DC3CEE0B7856610547AE /* Pods-Filter.release.xcconfig */,
			);
			name = Pods;
			sourceTree = "<group>";
		};
		B00102581E83B82800A86AC2 /* ShortProfile */ = {
			isa = PBXGroup;
			children = (
				B001025D1E83B86000A86AC2 /* Assembly */,
				B001025C1E83B85600A86AC2 /* Router */,
				B001025B1E83B84E00A86AC2 /* Interactor */,
				B001025A1E83B84800A86AC2 /* Presenter */,
				B00102591E83B83C00A86AC2 /* View */,
			);
			name = ShortProfile;
			sourceTree = "<group>";
		};
		B00102591E83B83C00A86AC2 /* View */ = {
			isa = PBXGroup;
			children = (
				B001026C1E83BEEA00A86AC2 /* Cells */,
				B00102601E83B9FD00A86AC2 /* ShortProfileDisplayManager.swift */,
				B001025E1E83B8EE00A86AC2 /* ShortProfileViewController.swift */,
			);
			name = View;
			sourceTree = "<group>";
		};
		B001025A1E83B84800A86AC2 /* Presenter */ = {
			isa = PBXGroup;
			children = (
				B00102641E83BD1E00A86AC2 /* ShortProfileCellModelsConverter.swift */,
				B00102621E83BC9800A86AC2 /* ShortProfilePresenter.swift */,
			);
			name = Presenter;
			sourceTree = "<group>";
		};
		B001025B1E83B84E00A86AC2 /* Interactor */ = {
			isa = PBXGroup;
			children = (
				B00102661E83BD9B00A86AC2 /* ShortProfileInteractor.swift */,
			);
			name = Interactor;
			sourceTree = "<group>";
		};
		B001025C1E83B85600A86AC2 /* Router */ = {
			isa = PBXGroup;
			children = (
				B00102681E83BDED00A86AC2 /* ShortProfileRouter.swift */,
			);
			name = Router;
			sourceTree = "<group>";
		};
		B001025D1E83B86000A86AC2 /* Assembly */ = {
			isa = PBXGroup;
			children = (
				B001026A1E83BE2D00A86AC2 /* ShortProfileAssembly.swift */,
			);
			name = Assembly;
			sourceTree = "<group>";
		};
		B001026C1E83BEEA00A86AC2 /* Cells */ = {
			isa = PBXGroup;
			children = (
				B00102711E83C39E00A86AC2 /* StatusTableViewCell.swift */,
				B0B45A311E840320008720F4 /* CareerTableViewCell.swift */,
				B0B45A331E8405B6008720F4 /* SocialNetworkTableViewCell.swift */,
				B00C0CF51E893F740059B695 /* NavigationTableViewCell.swift */,
			);
			name = Cells;
			sourceTree = "<group>";
		};
		B03B4A601E8BD6BE00D76446 /* CoreComponents */ = {
			isa = PBXGroup;
			children = (
				B03B4A681E8BEB6300D76446 /* Mapper */,
				B03B4A671E8BEB5500D76446 /* NetowrkClient */,
			);
			name = CoreComponents;
			sourceTree = "<group>";
		};
		B03B4A631E8BE0C800D76446 /* Assembly */ = {
			isa = PBXGroup;
			children = (
				B03B4A641E8BE0E300D76446 /* ServiceAssembly.swift */,
			);
			name = Assembly;
			sourceTree = "<group>";
		};
		B03B4A671E8BEB5500D76446 /* NetowrkClient */ = {
			isa = PBXGroup;
			children = (
				B03B4A6D1E8BF6D500D76446 /* Assembly */,
				B03B4A611E8BDAD900D76446 /* NetworkClient.swift */,
				B03B4A6B1E8BF54100D76446 /* RequestFactory.swift */,
			);
			name = NetowrkClient;
			sourceTree = "<group>";
		};
		B03B4A681E8BEB6300D76446 /* Mapper */ = {
			isa = PBXGroup;
			children = (
				B03B4A691E8BEBA200D76446 /* UserProfileMapper.swift */,
			);
			name = Mapper;
			sourceTree = "<group>";
		};
		B03B4A6D1E8BF6D500D76446 /* Assembly */ = {
			isa = PBXGroup;
			children = (
				B03B4A6E1E8BF73800D76446 /* NetworkClientAssembly.swift */,
			);
			name = Assembly;
			sourceTree = "<group>";
		};
		B050AE251E71458F00F4EB5F /* DesignBook */ = {
			isa = PBXGroup;
			children = (
				B050AE261E7145BD00F4EB5F /* DesignBook.swift */,
			);
			name = DesignBook;
			sourceTree = "<group>";
		};
		B050AE321E72D5D700F4EB5F /* InterestsCell */ = {
			isa = PBXGroup;
			children = (
				B050AE301E72D5D300F4EB5F /* InterestsCollectionViewCell.swift */,
				B03B4A5E1E8A9A1E00D76446 /* InterestsCollectionView.swift */,
				B050AE331E76A17A00F4EB5F /* InterestsDataDisplayManager.swift */,
				B0A05F1A1E6D8DC400B5D1AD /* InterestsCell.swift */,
			);
			name = InterestsCell;
			sourceTree = "<group>";
		};
		B050AE351E76AE7100F4EB5F /* NewInterests */ = {
			isa = PBXGroup;
			children = (
				B050AE3A1E76AFC900F4EB5F /* Assembly */,
				B050AE391E76AFC200F4EB5F /* Router */,
				B050AE381E76AFBB00F4EB5F /* Interactor */,
				B050AE371E76AFB300F4EB5F /* Presenter */,
				B050AE361E76AFAE00F4EB5F /* View */,
			);
			name = NewInterests;
			sourceTree = "<group>";
		};
		B050AE361E76AFAE00F4EB5F /* View */ = {
			isa = PBXGroup;
			children = (
				B050AE4B1E76DC0C00F4EB5F /* AddInterestCell.swift */,
				B050AE3B1E76AFEA00F4EB5F /* NewInterestsViewController.swift */,
				B050AE471E76D59600F4EB5F /* NewInterestsDataDisplayManager.swift */,
			);
			name = View;
			sourceTree = "<group>";
		};
		B050AE371E76AFB300F4EB5F /* Presenter */ = {
			isa = PBXGroup;
			children = (
				B050AE3D1E76B03800F4EB5F /* NewInterestsPresenter.swift */,
				B093A6F21E780D890059DECA /* NewInterestsCellModelsConverter.swift */,
			);
			name = Presenter;
			sourceTree = "<group>";
		};
		B050AE381E76AFBB00F4EB5F /* Interactor */ = {
			isa = PBXGroup;
			children = (
				B050AE3F1E76B07F00F4EB5F /* NewInterestsInteractor.swift */,
			);
			name = Interactor;
			sourceTree = "<group>";
		};
		B050AE391E76AFC200F4EB5F /* Router */ = {
			isa = PBXGroup;
			children = (
				B050AE411E76B09600F4EB5F /* NewInterestsRouter.swift */,
			);
			name = Router;
			sourceTree = "<group>";
		};
		B050AE3A1E76AFC900F4EB5F /* Assembly */ = {
			isa = PBXGroup;
			children = (
				B050AE431E76B0BC00F4EB5F /* NewInterestsAssembly.swift */,
			);
			name = Assembly;
			sourceTree = "<group>";
		};
		B050AE501E77FD7D00F4EB5F /* UI */ = {
			isa = PBXGroup;
			children = (
				B050AE511E77FD9D00F4EB5F /* TextFieldWithButton.swift */,
				B093A6F41E79415F0059DECA /* ViewController.swift */,
				B093A6FA1E7A75FB0059DECA /* TextFieldWithFixedRightView.swift */,
				B03B4A591E8A4AC000D76446 /* TableViewCellWithSeparator.swift */,
			);
			name = UI;
			sourceTree = "<group>";
		};
		B058E9671E7BB1AA00BF4895 /* MapSearch */ = {
			isa = PBXGroup;
			children = (
				B058E96E1E7BB27100BF4895 /* Assembly */,
				B058E96D1E7BB26B00BF4895 /* Router */,
				B058E96C1E7BB25E00BF4895 /* Interactor */,
				B058E96B1E7BB25800BF4895 /* Presenter */,
				B058E96A1E7BB25300BF4895 /* View */,
			);
			name = MapSearch;
			sourceTree = "<group>";
		};
		B058E96A1E7BB25300BF4895 /* View */ = {
			isa = PBXGroup;
			children = (
				B058E96F1E7BB2F000BF4895 /* MapSearchViewController.swift */,
				B03CA7D71E8E379600BDE713 /* MapMarker.swift */,
			);
			name = View;
			sourceTree = "<group>";
		};
		B058E96B1E7BB25800BF4895 /* Presenter */ = {
			isa = PBXGroup;
			children = (
				B058E9711E7BB5BB00BF4895 /* MapSearchPresenter.swift */,
				B03CA7D91E8E4DD200BDE713 /* MapModelsConverter.swift */,
			);
			name = Presenter;
			sourceTree = "<group>";
		};
		B058E96C1E7BB25E00BF4895 /* Interactor */ = {
			isa = PBXGroup;
			children = (
				B058E9731E7BB5C300BF4895 /* MapSearchInteractor.swift */,
			);
			name = Interactor;
			sourceTree = "<group>";
		};
		B058E96D1E7BB26B00BF4895 /* Router */ = {
			isa = PBXGroup;
			children = (
				B058E9751E7BB5CA00BF4895 /* MapSearchRouter.swift */,
			);
			name = Router;
			sourceTree = "<group>";
		};
		B058E96E1E7BB27100BF4895 /* Assembly */ = {
			isa = PBXGroup;
			children = (
				B058E9771E7BB5D200BF4895 /* MapSearchAssembly.swift */,
			);
			name = Assembly;
			sourceTree = "<group>";
		};
		B058E97F1E81277600BF4895 /* Wheel */ = {
			isa = PBXGroup;
			children = (
				B058E97D1E7FCE2F00BF4895 /* WheelCollectionView.swift */,
				B058E9821E81280500BF4895 /* WheelCollectionViewCell.swift */,
				B058E9841E812A1000BF4895 /* WheelCollectionViewLayout.swift */,
			);
			name = Wheel;
			sourceTree = "<group>";
		};
		B058E9861E815D7000BF4895 /* Photos */ = {
			isa = PBXGroup;
			children = (
				B058E98B1E815D9300BF4895 /* Assembly */,
				B058E98A1E815D8C00BF4895 /* Router */,
				B058E9891E815D8400BF4895 /* Interactor */,
				B058E9881E815D7E00BF4895 /* Presenter */,
				B058E9871E815D7800BF4895 /* View */,
			);
			name = Photos;
			sourceTree = "<group>";
		};
		B058E9871E815D7800BF4895 /* View */ = {
			isa = PBXGroup;
			children = (
				B058E9A61E825EF700BF4895 /* PhotosCollectionViewCell.swift */,
				B058E9A81E82605000BF4895 /* PhotosDataDisplayManager.swift */,
				B058E98C1E815E2A00BF4895 /* PhotosViewController.swift */,
				B0B691FC1E82B79E0020663F /* PhotosCollectionViewFlowLayout.swift */,
			);
			name = View;
			sourceTree = "<group>";
		};
		B058E9881E815D7E00BF4895 /* Presenter */ = {
			isa = PBXGroup;
			children = (
				B058E9901E815F6B00BF4895 /* PhotosCellModelsConverter.swift */,
				B058E98E1E815EDE00BF4895 /* PhotosPresenter.swift */,
			);
			name = Presenter;
			sourceTree = "<group>";
		};
		B058E9891E815D8400BF4895 /* Interactor */ = {
			isa = PBXGroup;
			children = (
				B058E9921E81605900BF4895 /* PhotosInteractor.swift */,
			);
			name = Interactor;
			sourceTree = "<group>";
		};
		B058E98A1E815D8C00BF4895 /* Router */ = {
			isa = PBXGroup;
			children = (
				B058E9961E81611B00BF4895 /* PhotosRouter.swift */,
			);
			name = Router;
			sourceTree = "<group>";
		};
		B058E98B1E815D9300BF4895 /* Assembly */ = {
			isa = PBXGroup;
			children = (
				B058E9981E81613E00BF4895 /* PhotosAssembly.swift */,
			);
			name = Assembly;
			sourceTree = "<group>";
		};
		B093A6F61E7972620059DECA /* Extensions */ = {
			isa = PBXGroup;
			children = (
				B093A6F71E79727E0059DECA /* UITableView.swift */,
			);
			name = Extensions;
			sourceTree = "<group>";
		};
		B0A05EEA1E6D37B100B5D1AD = {
			isa = PBXGroup;
			children = (
				B00C0CF71E894AE80059B695 /* face.jpg */,
				B058E9791E7BCDD500BF4895 /* mapStyle.json */,
				B058E99A1E816AA400BF4895 /* 1.jpg */,
				B058E99B1E816AA400BF4895 /* 2.jpg */,
				B058E99C1E816AA400BF4895 /* 3.jpg */,
				B058E99D1E816AA400BF4895 /* 4.jpg */,
				B058E9A41E816AC400BF4895 /* 5.jpg */,
				B0A05F0F1E6D4D8B00B5D1AD /* Default-568h@2x.png */,
				B0A05EF51E6D37B100B5D1AD /* Filter */,
				B0A05EF41E6D37B100B5D1AD /* Products */,
				371B4DD8421CA39AE52AC4D3 /* Pods */,
				BB344A6D9C763437B8344085 /* Frameworks */,
			);
			sourceTree = "<group>";
		};
		B0A05EF41E6D37B100B5D1AD /* Products */ = {
			isa = PBXGroup;
			children = (
				B0A05EF31E6D37B100B5D1AD /* Filter.app */,
			);
			name = Products;
			sourceTree = "<group>";
		};
		B0A05EF51E6D37B100B5D1AD /* Filter */ = {
			isa = PBXGroup;
			children = (
				B0B45A301E83FB96008720F4 /* Protocols */,
				B093A6F61E7972620059DECA /* Extensions */,
				B050AE501E77FD7D00F4EB5F /* UI */,
				B050AE251E71458F00F4EB5F /* DesignBook */,
				B0FAB8281E6EDAFB00E5F06A /* Modules */,
				B03B4A601E8BD6BE00D76446 /* CoreComponents */,
				B0A05F1E1E6D909D00B5D1AD /* Services */,
				B0A05EF61E6D37B100B5D1AD /* AppDelegate.swift */,
				B0A05EFD1E6D37B100B5D1AD /* Assets.xcassets */,
				B0A05F021E6D37B100B5D1AD /* Info.plist */,
			);
			path = Filter;
			sourceTree = "<group>";
		};
		B0A05F081E6D385200B5D1AD /* View */ = {
			isa = PBXGroup;
			children = (
				B0A05EF81E6D37B100B5D1AD /* FilterViewController.swift */,
				B0A05F0D1E6D408400B5D1AD /* FilterDataDisplayManager.swift */,
				B0A05F171E6D8D5E00B5D1AD /* Cells */,
			);
			name = View;
			sourceTree = "<group>";
		};
		B0A05F091E6D386B00B5D1AD /* Presenter */ = {
			isa = PBXGroup;
			children = (
				B0A05F111E6D4DD300B5D1AD /* FilterPresenter.swift */,
				B0FAB8261E6EC52A00E5F06A /* FilterCellModelsConverter.swift */,
			);
			name = Presenter;
			sourceTree = "<group>";
		};
		B0A05F0A1E6D387100B5D1AD /* Router */ = {
			isa = PBXGroup;
			children = (
				B0FAB8221E6EC23900E5F06A /* FilterRouter.swift */,
			);
			name = Router;
			sourceTree = "<group>";
		};
		B0A05F0B1E6D388100B5D1AD /* Interactor */ = {
			isa = PBXGroup;
			children = (
				B0A05F1C1E6D8F9800B5D1AD /* FilterInteractor.swift */,
			);
			name = Interactor;
			sourceTree = "<group>";
		};
		B0A05F0C1E6D389300B5D1AD /* Assembly */ = {
			isa = PBXGroup;
			children = (
				B0A05F131E6D4EAF00B5D1AD /* FilterAssembly.swift */,
			);
			name = Assembly;
			sourceTree = "<group>";
		};
		B0A05F171E6D8D5E00B5D1AD /* Cells */ = {
			isa = PBXGroup;
			children = (
				B050AE321E72D5D700F4EB5F /* InterestsCell */,
				B0A05F151E6D5CD700B5D1AD /* SexCell.swift */,
				B0A05F181E6D8D7800B5D1AD /* AgeCell.swift */,
				B050AE4E1E77E75200F4EB5F /* SearchCell.swift */,
			);
			name = Cells;
			sourceTree = "<group>";
		};
		B0A05F1E1E6D909D00B5D1AD /* Services */ = {
			isa = PBXGroup;
			children = (
				B03B4A631E8BE0C800D76446 /* Assembly */,
				B058E9941E8160C600BF4895 /* PhotosService.swift */,
				B058E97B1E7BD00700BF4895 /* LocationService.swift */,
				B0A05F1F1E6D90EE00B5D1AD /* SearchSettingsService.swift */,
				B050AE491E76D91D00F4EB5F /* InterestsService.swift */,
				B001026F1E83BF3C00A86AC2 /* UserProfileService.swift */,
			);
			name = Services;
			sourceTree = "<group>";
		};
		B0B45A301E83FB96008720F4 /* Protocols */ = {
			isa = PBXGroup;
			children = (
				B00102731E83CB3300A86AC2 /* BasicTableViewCell.swift */,
				B00C0CEF1E8904240059B695 /* BasicCollectionViewCell.swift */,
			);
			name = Protocols;
			sourceTree = "<group>";
		};
		B0FAB8281E6EDAFB00E5F06A /* Modules */ = {
			isa = PBXGroup;
			children = (
				B00102581E83B82800A86AC2 /* ShortProfile */,
				B058E9861E815D7000BF4895 /* Photos */,
				B058E9671E7BB1AA00BF4895 /* MapSearch */,
				B050AE351E76AE7100F4EB5F /* NewInterests */,
				B0FAB82A1E6EDB1E00E5F06A /* Age */,
				B0FAB8291E6EDB0300E5F06A /* Filter */,
			);
			name = Modules;
			sourceTree = "<group>";
		};
		B0FAB8291E6EDB0300E5F06A /* Filter */ = {
			isa = PBXGroup;
			children = (
				B0A05F0C1E6D389300B5D1AD /* Assembly */,
				B0A05F0A1E6D387100B5D1AD /* Router */,
				B0A05F0B1E6D388100B5D1AD /* Interactor */,
				B0A05F091E6D386B00B5D1AD /* Presenter */,
				B0A05F081E6D385200B5D1AD /* View */,
			);
			name = Filter;
			sourceTree = "<group>";
		};
		B0FAB82A1E6EDB1E00E5F06A /* Age */ = {
			isa = PBXGroup;
			children = (
				B0FAB8311E6EDD9200E5F06A /* Assembly */,
				B0FAB8301E6EDD8B00E5F06A /* Router */,
				B0FAB82F1E6EDD8200E5F06A /* Interactor */,
				B0FAB82E1E6EDD7C00E5F06A /* Presenter */,
				B0FAB82D1E6EDD7600E5F06A /* View */,
			);
			name = Age;
			sourceTree = "<group>";
		};
		B0FAB82D1E6EDD7600E5F06A /* View */ = {
			isa = PBXGroup;
			children = (
				B058E97F1E81277600BF4895 /* Wheel */,
				B0FAB8341E6EDDD800E5F06A /* AgeViewController.swift */,
			);
			name = View;
			sourceTree = "<group>";
		};
		B0FAB82E1E6EDD7C00E5F06A /* Presenter */ = {
			isa = PBXGroup;
			children = (
				B0FAB8361E6EDE3F00E5F06A /* AgePresenter.swift */,
			);
			name = Presenter;
			sourceTree = "<group>";
		};
		B0FAB82F1E6EDD8200E5F06A /* Interactor */ = {
			isa = PBXGroup;
			children = (
				B0FAB8381E6EDE4900E5F06A /* AgeInteractor.swift */,
			);
			name = Interactor;
			sourceTree = "<group>";
		};
		B0FAB8301E6EDD8B00E5F06A /* Router */ = {
			isa = PBXGroup;
			children = (
				B0FAB83A1E6EDE5100E5F06A /* AgeRouter.swift */,
			);
			name = Router;
			sourceTree = "<group>";
		};
		B0FAB8311E6EDD9200E5F06A /* Assembly */ = {
			isa = PBXGroup;
			children = (
				B0FAB83C1E6EDE5A00E5F06A /* AgeAssembly.swift */,
			);
			name = Assembly;
			sourceTree = "<group>";
		};
		BB344A6D9C763437B8344085 /* Frameworks */ = {
			isa = PBXGroup;
			children = (
				18527CC2BCD0C62F4D9FAF31 /* Pods_Filter.framework */,
			);
			name = Frameworks;
			sourceTree = "<group>";
		};
/* End PBXGroup section */

/* Begin PBXNativeTarget section */
		B0A05EF21E6D37B100B5D1AD /* Filter */ = {
			isa = PBXNativeTarget;
			buildConfigurationList = B0A05F051E6D37B100B5D1AD /* Build configuration list for PBXNativeTarget "Filter" */;
			buildPhases = (
				243D9AB4E153B7B82B933808 /* [CP] Check Pods Manifest.lock */,
				B0A05EEF1E6D37B100B5D1AD /* Sources */,
				B0A05EF01E6D37B100B5D1AD /* Frameworks */,
				B0A05EF11E6D37B100B5D1AD /* Resources */,
				0C4BFF60D542C8C612DB36C2 /* [CP] Embed Pods Frameworks */,
				B9F21AFBCF8AEB9268D5E49F /* [CP] Copy Pods Resources */,
			);
			buildRules = (
			);
			dependencies = (
			);
			name = Filter;
			productName = Filter;
			productReference = B0A05EF31E6D37B100B5D1AD /* Filter.app */;
			productType = "com.apple.product-type.application";
		};
/* End PBXNativeTarget section */

/* Begin PBXProject section */
		B0A05EEB1E6D37B100B5D1AD /* Project object */ = {
			isa = PBXProject;
			attributes = {
				KnownAssetTags = (
					DC143C,
				);
				LastSwiftUpdateCheck = 0820;
				LastUpgradeCheck = 0820;
				ORGANIZATIONNAME = NoNameOrganization;
				TargetAttributes = {
					B0A05EF21E6D37B100B5D1AD = {
						CreatedOnToolsVersion = 8.2.1;
						DevelopmentTeam = V3CDYERL25;
						ProvisioningStyle = Automatic;
						SystemCapabilities = {
							com.apple.BackgroundModes = {
								enabled = 1;
							};
						};
					};
				};
			};
			buildConfigurationList = B0A05EEE1E6D37B100B5D1AD /* Build configuration list for PBXProject "Filter" */;
			compatibilityVersion = "Xcode 3.2";
			developmentRegion = English;
			hasScannedForEncodings = 0;
			knownRegions = (
				en,
				Base,
			);
			mainGroup = B0A05EEA1E6D37B100B5D1AD;
			productRefGroup = B0A05EF41E6D37B100B5D1AD /* Products */;
			projectDirPath = "";
			projectRoot = "";
			targets = (
				B0A05EF21E6D37B100B5D1AD /* Filter */,
			);
		};
/* End PBXProject section */

/* Begin PBXResourcesBuildPhase section */
		B0A05EF11E6D37B100B5D1AD /* Resources */ = {
			isa = PBXResourcesBuildPhase;
			buildActionMask = 2147483647;
			files = (
				B058E97A1E7BCDD500BF4895 /* mapStyle.json in Resources */,
				B058E9A51E816AC400BF4895 /* 5.jpg in Resources */,
				B058E9A21E816AA400BF4895 /* 4.jpg in Resources */,
				B058E99F1E816AA400BF4895 /* 1.jpg in Resources */,
				B058E9A01E816AA400BF4895 /* 2.jpg in Resources */,
				B00C0CF81E894AE80059B695 /* face.jpg in Resources */,
				B058E9A11E816AA400BF4895 /* 3.jpg in Resources */,
				B0A05EFE1E6D37B100B5D1AD /* Assets.xcassets in Resources */,
				B0A05F101E6D4D8B00B5D1AD /* Default-568h@2x.png in Resources */,
			);
			runOnlyForDeploymentPostprocessing = 0;
		};
/* End PBXResourcesBuildPhase section */

/* Begin PBXShellScriptBuildPhase section */
		0C4BFF60D542C8C612DB36C2 /* [CP] Embed Pods Frameworks */ = {
			isa = PBXShellScriptBuildPhase;
			buildActionMask = 2147483647;
			files = (
			);
			inputPaths = (
			);
			name = "[CP] Embed Pods Frameworks";
			outputPaths = (
			);
			runOnlyForDeploymentPostprocessing = 0;
			shellPath = /bin/sh;
			shellScript = "\"${SRCROOT}/Pods/Target Support Files/Pods-Filter/Pods-Filter-frameworks.sh\"\n";
			showEnvVarsInLog = 0;
		};
		243D9AB4E153B7B82B933808 /* [CP] Check Pods Manifest.lock */ = {
			isa = PBXShellScriptBuildPhase;
			buildActionMask = 2147483647;
			files = (
			);
			inputPaths = (
			);
			name = "[CP] Check Pods Manifest.lock";
			outputPaths = (
			);
			runOnlyForDeploymentPostprocessing = 0;
			shellPath = /bin/sh;
			shellScript = "diff \"${PODS_ROOT}/../Podfile.lock\" \"${PODS_ROOT}/Manifest.lock\" > /dev/null\nif [ $? != 0 ] ; then\n    # print error to STDERR\n    echo \"error: The sandbox is not in sync with the Podfile.lock. Run 'pod install' or update your CocoaPods installation.\" >&2\n    exit 1\nfi\n";
			showEnvVarsInLog = 0;
		};
		B9F21AFBCF8AEB9268D5E49F /* [CP] Copy Pods Resources */ = {
			isa = PBXShellScriptBuildPhase;
			buildActionMask = 2147483647;
			files = (
			);
			inputPaths = (
			);
			name = "[CP] Copy Pods Resources";
			outputPaths = (
			);
			runOnlyForDeploymentPostprocessing = 0;
			shellPath = /bin/sh;
			shellScript = "\"${SRCROOT}/Pods/Target Support Files/Pods-Filter/Pods-Filter-resources.sh\"\n";
			showEnvVarsInLog = 0;
		};
/* End PBXShellScriptBuildPhase section */

/* Begin PBXSourcesBuildPhase section */
		B0A05EEF1E6D37B100B5D1AD /* Sources */ = {
			isa = PBXSourcesBuildPhase;
			buildActionMask = 2147483647;
			files = (
				B058E9741E7BB5C300BF4895 /* MapSearchInteractor.swift in Sources */,
				B0FAB83D1E6EDE5A00E5F06A /* AgeAssembly.swift in Sources */,
				B0FAB8371E6EDE3F00E5F06A /* AgePresenter.swift in Sources */,
				B0A05EF91E6D37B100B5D1AD /* FilterViewController.swift in Sources */,
				B0FAB8351E6EDDD800E5F06A /* AgeViewController.swift in Sources */,
				B058E98D1E815E2A00BF4895 /* PhotosViewController.swift in Sources */,
				B058E9701E7BB2F000BF4895 /* MapSearchViewController.swift in Sources */,
				B058E9911E815F6B00BF4895 /* PhotosCellModelsConverter.swift in Sources */,
				B0A05EF71E6D37B100B5D1AD /* AppDelegate.swift in Sources */,
				B058E9761E7BB5CA00BF4895 /* MapSearchRouter.swift in Sources */,
				B0B45A321E840320008720F4 /* CareerTableViewCell.swift in Sources */,
				B03B4A6C1E8BF54100D76446 /* RequestFactory.swift in Sources */,
				B050AE4F1E77E75200F4EB5F /* SearchCell.swift in Sources */,
				B001026B1E83BE2D00A86AC2 /* ShortProfileAssembly.swift in Sources */,
				B058E9851E812A1000BF4895 /* WheelCollectionViewLayout.swift in Sources */,
				B058E9991E81613E00BF4895 /* PhotosAssembly.swift in Sources */,
				B050AE481E76D59600F4EB5F /* NewInterestsDataDisplayManager.swift in Sources */,
				B03CA7DA1E8E4DD200BDE713 /* MapModelsConverter.swift in Sources */,
				B050AE341E76A17A00F4EB5F /* InterestsDataDisplayManager.swift in Sources */,
				B0FAB8391E6EDE4900E5F06A /* AgeInteractor.swift in Sources */,
				B050AE4C1E76DC0C00F4EB5F /* AddInterestCell.swift in Sources */,
				B00102631E83BC9800A86AC2 /* ShortProfilePresenter.swift in Sources */,
				B093A6FB1E7A75FB0059DECA /* TextFieldWithFixedRightView.swift in Sources */,
				B093A6F31E780D890059DECA /* NewInterestsCellModelsConverter.swift in Sources */,
				B058E9721E7BB5BB00BF4895 /* MapSearchPresenter.swift in Sources */,
				B0A05F191E6D8D7800B5D1AD /* AgeCell.swift in Sources */,
				B03CA7D81E8E379600BDE713 /* MapMarker.swift in Sources */,
				B050AE421E76B09600F4EB5F /* NewInterestsRouter.swift in Sources */,
				B0FAB8231E6EC23900E5F06A /* FilterRouter.swift in Sources */,
				B03B4A621E8BDAD900D76446 /* NetworkClient.swift in Sources */,
				B0A05F121E6D4DD300B5D1AD /* FilterPresenter.swift in Sources */,
				B058E97C1E7BD00700BF4895 /* LocationService.swift in Sources */,
				B00102611E83B9FD00A86AC2 /* ShortProfileDisplayManager.swift in Sources */,
				B050AE311E72D5D300F4EB5F /* InterestsCollectionViewCell.swift in Sources */,
				B00102721E83C39E00A86AC2 /* StatusTableViewCell.swift in Sources */,
				B0B45A341E8405B6008720F4 /* SocialNetworkTableViewCell.swift in Sources */,
				B00102671E83BD9B00A86AC2 /* ShortProfileInteractor.swift in Sources */,
				B050AE441E76B0BC00F4EB5F /* NewInterestsAssembly.swift in Sources */,
				B03B4A6A1E8BEBA200D76446 /* UserProfileMapper.swift in Sources */,
				B0A05F161E6D5CD700B5D1AD /* SexCell.swift in Sources */,
				B0A05F1B1E6D8DC400B5D1AD /* InterestsCell.swift in Sources */,
				B050AE3C1E76AFEA00F4EB5F /* NewInterestsViewController.swift in Sources */,
				B0A05F141E6D4EAF00B5D1AD /* FilterAssembly.swift in Sources */,
				B0A05F1D1E6D8F9800B5D1AD /* FilterInteractor.swift in Sources */,
				B00102741E83CB3300A86AC2 /* BasicTableViewCell.swift in Sources */,
				B0FAB8271E6EC52A00E5F06A /* FilterCellModelsConverter.swift in Sources */,
				B093A6F81E79727E0059DECA /* UITableView.swift in Sources */,
				B001025F1E83B8EE00A86AC2 /* ShortProfileViewController.swift in Sources */,
				B00102701E83BF3C00A86AC2 /* UserProfileService.swift in Sources */,
				B00C0CF01E8904240059B695 /* BasicCollectionViewCell.swift in Sources */,
				B093A6F51E79415F0059DECA /* ViewController.swift in Sources */,
				B058E9A71E825EF700BF4895 /* PhotosCollectionViewCell.swift in Sources */,
				B0FAB83B1E6EDE5100E5F06A /* AgeRouter.swift in Sources */,
				B058E9781E7BB5D200BF4895 /* MapSearchAssembly.swift in Sources */,
				B058E98F1E815EDE00BF4895 /* PhotosPresenter.swift in Sources */,
				B058E9971E81611B00BF4895 /* PhotosRouter.swift in Sources */,
				B00C0CF61E893F740059B695 /* NavigationTableViewCell.swift in Sources */,
				B03B4A5F1E8A9A1E00D76446 /* InterestsCollectionView.swift in Sources */,
				B058E9951E8160C600BF4895 /* PhotosService.swift in Sources */,
				B0A05F0E1E6D408400B5D1AD /* FilterDataDisplayManager.swift in Sources */,
				B050AE4A1E76D91D00F4EB5F /* InterestsService.swift in Sources */,
				B00102691E83BDED00A86AC2 /* ShortProfileRouter.swift in Sources */,
				B0B691FD1E82B79E0020663F /* PhotosCollectionViewFlowLayout.swift in Sources */,
				B058E97E1E7FCE2F00BF4895 /* WheelCollectionView.swift in Sources */,
				B058E9A91E82605000BF4895 /* PhotosDataDisplayManager.swift in Sources */,
				B03B4A651E8BE0E300D76446 /* ServiceAssembly.swift in Sources */,
				B050AE271E7145BD00F4EB5F /* DesignBook.swift in Sources */,
				B058E9831E81280500BF4895 /* WheelCollectionViewCell.swift in Sources */,
				B00102651E83BD1E00A86AC2 /* ShortProfileCellModelsConverter.swift in Sources */,
				B03B4A6F1E8BF73800D76446 /* NetworkClientAssembly.swift in Sources */,
				B0A05F201E6D90EE00B5D1AD /* SearchSettingsService.swift in Sources */,
				B03B4A5A1E8A4AC000D76446 /* TableViewCellWithSeparator.swift in Sources */,
				B050AE401E76B07F00F4EB5F /* NewInterestsInteractor.swift in Sources */,
				B058E9931E81605900BF4895 /* PhotosInteractor.swift in Sources */,
				B050AE521E77FD9D00F4EB5F /* TextFieldWithButton.swift in Sources */,
				B050AE3E1E76B03800F4EB5F /* NewInterestsPresenter.swift in Sources */,
			);
			runOnlyForDeploymentPostprocessing = 0;
		};
/* End PBXSourcesBuildPhase section */

/* Begin XCBuildConfiguration section */
		B0A05F031E6D37B100B5D1AD /* Debug */ = {
			isa = XCBuildConfiguration;
			buildSettings = {
				ALWAYS_SEARCH_USER_PATHS = NO;
				CLANG_ANALYZER_NONNULL = YES;
				CLANG_CXX_LANGUAGE_STANDARD = "gnu++0x";
				CLANG_CXX_LIBRARY = "libc++";
				CLANG_ENABLE_MODULES = YES;
				CLANG_ENABLE_OBJC_ARC = YES;
				CLANG_WARN_BOOL_CONVERSION = YES;
				CLANG_WARN_CONSTANT_CONVERSION = YES;
				CLANG_WARN_DIRECT_OBJC_ISA_USAGE = YES_ERROR;
				CLANG_WARN_DOCUMENTATION_COMMENTS = YES;
				CLANG_WARN_EMPTY_BODY = YES;
				CLANG_WARN_ENUM_CONVERSION = YES;
				CLANG_WARN_INFINITE_RECURSION = YES;
				CLANG_WARN_INT_CONVERSION = YES;
				CLANG_WARN_OBJC_ROOT_CLASS = YES_ERROR;
				CLANG_WARN_SUSPICIOUS_MOVE = YES;
				CLANG_WARN_UNREACHABLE_CODE = YES;
				CLANG_WARN__DUPLICATE_METHOD_MATCH = YES;
				"CODE_SIGN_IDENTITY[sdk=iphoneos*]" = "iPhone Developer";
				COPY_PHASE_STRIP = NO;
				DEBUG_INFORMATION_FORMAT = dwarf;
				ENABLE_STRICT_OBJC_MSGSEND = YES;
				ENABLE_TESTABILITY = YES;
				GCC_C_LANGUAGE_STANDARD = gnu99;
				GCC_DYNAMIC_NO_PIC = NO;
				GCC_NO_COMMON_BLOCKS = YES;
				GCC_OPTIMIZATION_LEVEL = 0;
				GCC_PREPROCESSOR_DEFINITIONS = (
					"DEBUG=1",
					"$(inherited)",
				);
				GCC_WARN_64_TO_32_BIT_CONVERSION = YES;
				GCC_WARN_ABOUT_RETURN_TYPE = YES_ERROR;
				GCC_WARN_UNDECLARED_SELECTOR = YES;
				GCC_WARN_UNINITIALIZED_AUTOS = YES_AGGRESSIVE;
				GCC_WARN_UNUSED_FUNCTION = YES;
				GCC_WARN_UNUSED_VARIABLE = YES;
				IPHONEOS_DEPLOYMENT_TARGET = 10.2;
				MTL_ENABLE_DEBUG_INFO = YES;
				ONLY_ACTIVE_ARCH = YES;
				SDKROOT = iphoneos;
				SWIFT_ACTIVE_COMPILATION_CONDITIONS = DEBUG;
				SWIFT_OPTIMIZATION_LEVEL = "-Onone";
			};
			name = Debug;
		};
		B0A05F041E6D37B100B5D1AD /* Release */ = {
			isa = XCBuildConfiguration;
			buildSettings = {
				ALWAYS_SEARCH_USER_PATHS = NO;
				CLANG_ANALYZER_NONNULL = YES;
				CLANG_CXX_LANGUAGE_STANDARD = "gnu++0x";
				CLANG_CXX_LIBRARY = "libc++";
				CLANG_ENABLE_MODULES = YES;
				CLANG_ENABLE_OBJC_ARC = YES;
				CLANG_WARN_BOOL_CONVERSION = YES;
				CLANG_WARN_CONSTANT_CONVERSION = YES;
				CLANG_WARN_DIRECT_OBJC_ISA_USAGE = YES_ERROR;
				CLANG_WARN_DOCUMENTATION_COMMENTS = YES;
				CLANG_WARN_EMPTY_BODY = YES;
				CLANG_WARN_ENUM_CONVERSION = YES;
				CLANG_WARN_INFINITE_RECURSION = YES;
				CLANG_WARN_INT_CONVERSION = YES;
				CLANG_WARN_OBJC_ROOT_CLASS = YES_ERROR;
				CLANG_WARN_SUSPICIOUS_MOVE = YES;
				CLANG_WARN_UNREACHABLE_CODE = YES;
				CLANG_WARN__DUPLICATE_METHOD_MATCH = YES;
				"CODE_SIGN_IDENTITY[sdk=iphoneos*]" = "iPhone Developer";
				COPY_PHASE_STRIP = NO;
				DEBUG_INFORMATION_FORMAT = "dwarf-with-dsym";
				ENABLE_NS_ASSERTIONS = NO;
				ENABLE_STRICT_OBJC_MSGSEND = YES;
				GCC_C_LANGUAGE_STANDARD = gnu99;
				GCC_NO_COMMON_BLOCKS = YES;
				GCC_WARN_64_TO_32_BIT_CONVERSION = YES;
				GCC_WARN_ABOUT_RETURN_TYPE = YES_ERROR;
				GCC_WARN_UNDECLARED_SELECTOR = YES;
				GCC_WARN_UNINITIALIZED_AUTOS = YES_AGGRESSIVE;
				GCC_WARN_UNUSED_FUNCTION = YES;
				GCC_WARN_UNUSED_VARIABLE = YES;
				IPHONEOS_DEPLOYMENT_TARGET = 10.2;
				MTL_ENABLE_DEBUG_INFO = NO;
				SDKROOT = iphoneos;
				SWIFT_OPTIMIZATION_LEVEL = "-Owholemodule";
				VALIDATE_PRODUCT = YES;
			};
			name = Release;
		};
		B0A05F061E6D37B100B5D1AD /* Debug */ = {
			isa = XCBuildConfiguration;
			baseConfigurationReference = 6F82B21AD9CD7E0579705921 /* Pods-Filter.debug.xcconfig */;
			buildSettings = {
				ASSETCATALOG_COMPILER_APPICON_NAME = AppIcon;
				DEVELOPMENT_TEAM = V3CDYERL25;
				INFOPLIST_FILE = Filter/Info.plist;
				IPHONEOS_DEPLOYMENT_TARGET = 9.0;
				LD_RUNPATH_SEARCH_PATHS = "$(inherited) @executable_path/Frameworks";
				PRODUCT_BUNDLE_IDENTIFIER = NNO.Filter;
				PRODUCT_NAME = "$(TARGET_NAME)";
				SWIFT_VERSION = 3.0;
			};
			name = Debug;
		};
		B0A05F071E6D37B100B5D1AD /* Release */ = {
			isa = XCBuildConfiguration;
			baseConfigurationReference = AC52DC3CEE0B7856610547AE /* Pods-Filter.release.xcconfig */;
			buildSettings = {
				ASSETCATALOG_COMPILER_APPICON_NAME = AppIcon;
				DEVELOPMENT_TEAM = V3CDYERL25;
				INFOPLIST_FILE = Filter/Info.plist;
				IPHONEOS_DEPLOYMENT_TARGET = 9.0;
				LD_RUNPATH_SEARCH_PATHS = "$(inherited) @executable_path/Frameworks";
				PRODUCT_BUNDLE_IDENTIFIER = NNO.Filter;
				PRODUCT_NAME = "$(TARGET_NAME)";
				SWIFT_VERSION = 3.0;
			};
			name = Release;
		};
/* End XCBuildConfiguration section */

/* Begin XCConfigurationList section */
		B0A05EEE1E6D37B100B5D1AD /* Build configuration list for PBXProject "Filter" */ = {
			isa = XCConfigurationList;
			buildConfigurations = (
				B0A05F031E6D37B100B5D1AD /* Debug */,
				B0A05F041E6D37B100B5D1AD /* Release */,
			);
			defaultConfigurationIsVisible = 0;
			defaultConfigurationName = Release;
		};
		B0A05F051E6D37B100B5D1AD /* Build configuration list for PBXNativeTarget "Filter" */ = {
			isa = XCConfigurationList;
			buildConfigurations = (
				B0A05F061E6D37B100B5D1AD /* Debug */,
				B0A05F071E6D37B100B5D1AD /* Release */,
			);
			defaultConfigurationIsVisible = 0;
			defaultConfigurationName = Release;
		};
/* End XCConfigurationList section */
	};
	rootObject = B0A05EEB1E6D37B100B5D1AD /* Project object */;
}
